
Microsoft Visual Studio Solution File, Format Version 12.00
# Visual Studio Version 17
VisualStudioVersion = 17.10.34902.84
MinimumVisualStudioVersion = 10.0.40219.1
Project("{FAE04EC0-301F-11D3-BF4B-00C04F79EFBC}") = "CopyConstructor", "CopyConstructor\CopyConstructor.csproj", "{DA205AAE-D54F-40FA-A56C-978B16B9DAAC}"
EndProject
Global
	GlobalSection(SolutionConfigurationPlatforms) = preSolution
		Debug|Any CPU = Debug|Any CPU
		Release|Any CPU = Release|Any CPU
	EndGlobalSection
	GlobalSection(ProjectConfigurationPlatforms) = postSolution
		{DA205AAE-D54F-40FA-A56C-978B16B9DAAC}.Debug|Any CPU.ActiveCfg = Debug|Any CPU
		{DA205AAE-D54F-40FA-A56C-978B16B9DAAC}.Debug|Any CPU.Build.0 = Debug|Any CPU
		{DA205AAE-D54F-40FA-A56C-978B16B9DAAC}.Release|Any CPU.ActiveCfg = Release|Any CPU
		{DA205AAE-D54F-40FA-A56C-978B16B9DAAC}.Release|Any CPU.Build.0 = Release|Any CPU
	EndGlobalSection
	GlobalSection(SolutionProperties) = preSolution
		HideSolutionNode = FALSE
	EndGlobalSection
	GlobalSection(ExtensibilityGlobals) = postSolution
		SolutionGuid = {0C6A4E88-DCD0-4404-8380-411B19B8FAEE}
	EndGlobalSection
EndGlobal
