
Microsoft Visual Studio Solution File, Format Version 12.00
# Visual Studio Version 17
VisualStudioVersion = 17.10.34902.84
MinimumVisualStudioVersion = 10.0.40219.1
Project("{FAE04EC0-301F-11D3-BF4B-00C04F79EFBC}") = "PracticalTest1Day3", "PracticalTest1Day3\PracticalTest1Day3.csproj", "{0F075BBF-DA6B-4F4E-9330-60E192F69DEC}"
EndProject
Global
	GlobalSection(SolutionConfigurationPlatforms) = preSolution
		Debug|Any CPU = Debug|Any CPU
		Release|Any CPU = Release|Any CPU
	EndGlobalSection
	GlobalSection(ProjectConfigurationPlatforms) = postSolution
		{0F075BBF-DA6B-4F4E-9330-60E192F69DEC}.Debug|Any CPU.ActiveCfg = Debug|Any CPU
		{0F075BBF-DA6B-4F4E-9330-60E192F69DEC}.Debug|Any CPU.Build.0 = Debug|Any CPU
		{0F075BBF-DA6B-4F4E-9330-60E192F69DEC}.Release|Any CPU.ActiveCfg = Release|Any CPU
		{0F075BBF-DA6B-4F4E-9330-60E192F69DEC}.Release|Any CPU.Build.0 = Release|Any CPU
	EndGlobalSection
	GlobalSection(SolutionProperties) = preSolution
		HideSolutionNode = FALSE
	EndGlobalSection
	GlobalSection(ExtensibilityGlobals) = postSolution
		SolutionGuid = {751EB32D-EDB6-440F-9A1E-25EAC842C451}
	EndGlobalSection
EndGlobal
