
Microsoft Visual Studio Solution File, Format Version 12.00
# Visual Studio Version 17
VisualStudioVersion = 17.10.35027.167
MinimumVisualStudioVersion = 10.0.40219.1
Project("{FAE04EC0-301F-11D3-BF4B-00C04F79EFBC}") = "Basics", "Basics\Basics.csproj", "{FCA6D3DA-B306-4254-9D82-3E9E32CC9EE9}"
EndProject
Global
	GlobalSection(SolutionConfigurationPlatforms) = preSolution
		Debug|Any CPU = Debug|Any CPU
		Release|Any CPU = Release|Any CPU
	EndGlobalSection
	GlobalSection(ProjectConfigurationPlatforms) = postSolution
		{FCA6D3DA-B306-4254-9D82-3E9E32CC9EE9}.Debug|Any CPU.ActiveCfg = Debug|Any CPU
		{FCA6D3DA-B306-4254-9D82-3E9E32CC9EE9}.Debug|Any CPU.Build.0 = Debug|Any CPU
		{FCA6D3DA-B306-4254-9D82-3E9E32CC9EE9}.Release|Any CPU.ActiveCfg = Release|Any CPU
		{FCA6D3DA-B306-4254-9D82-3E9E32CC9EE9}.Release|Any CPU.Build.0 = Release|Any CPU
	EndGlobalSection
	GlobalSection(SolutionProperties) = preSolution
		HideSolutionNode = FALSE
	EndGlobalSection
	GlobalSection(ExtensibilityGlobals) = postSolution
		SolutionGuid = {14D2E85E-F77D-4CA2-B482-C354CE57FBD3}
	EndGlobalSection
EndGlobal
