
Microsoft Visual Studio Solution File, Format Version 12.00
# Visual Studio Version 17
VisualStudioVersion = 17.10.34902.84
MinimumVisualStudioVersion = 10.0.40219.1
Project("{FAE04EC0-301F-11D3-BF4B-00C04F79EFBC}") = "0ii_CircularPrimeNumber", "0ii_CircularPrimeNumber\0ii_CircularPrimeNumber.csproj", "{1D290245-1D86-4B73-9A51-A934F0BA6043}"
EndProject
Global
	GlobalSection(SolutionConfigurationPlatforms) = preSolution
		Debug|Any CPU = Debug|Any CPU
		Release|Any CPU = Release|Any CPU
	EndGlobalSection
	GlobalSection(ProjectConfigurationPlatforms) = postSolution
		{1D290245-1D86-4B73-9A51-A934F0BA6043}.Debug|Any CPU.ActiveCfg = Debug|Any CPU
		{1D290245-1D86-4B73-9A51-A934F0BA6043}.Debug|Any CPU.Build.0 = Debug|Any CPU
		{1D290245-1D86-4B73-9A51-A934F0BA6043}.Release|Any CPU.ActiveCfg = Release|Any CPU
		{1D290245-1D86-4B73-9A51-A934F0BA6043}.Release|Any CPU.Build.0 = Release|Any CPU
	EndGlobalSection
	GlobalSection(SolutionProperties) = preSolution
		HideSolutionNode = FALSE
	EndGlobalSection
	GlobalSection(ExtensibilityGlobals) = postSolution
		SolutionGuid = {E9199EB6-F4FC-42FE-AB3C-5D7E0BEAC7BF}
	EndGlobalSection
EndGlobal
