
Microsoft Visual Studio Solution File, Format Version 12.00
# Visual Studio Version 17
VisualStudioVersion = 17.10.34902.84
MinimumVisualStudioVersion = 10.0.40219.1
Project("{FAE04EC0-301F-11D3-BF4B-00C04F79EFBC}") = "NotepadLayout", "NotepadLayout\NotepadLayout.csproj", "{8D5C0AAC-D91B-4405-BE08-8491526277B5}"
EndProject
Global
	GlobalSection(SolutionConfigurationPlatforms) = preSolution
		Debug|Any CPU = Debug|Any CPU
		Release|Any CPU = Release|Any CPU
	EndGlobalSection
	GlobalSection(ProjectConfigurationPlatforms) = postSolution
		{8D5C0AAC-D91B-4405-BE08-8491526277B5}.Debug|Any CPU.ActiveCfg = Debug|Any CPU
		{8D5C0AAC-D91B-4405-BE08-8491526277B5}.Debug|Any CPU.Build.0 = Debug|Any CPU
		{8D5C0AAC-D91B-4405-BE08-8491526277B5}.Release|Any CPU.ActiveCfg = Release|Any CPU
		{8D5C0AAC-D91B-4405-BE08-8491526277B5}.Release|Any CPU.Build.0 = Release|Any CPU
	EndGlobalSection
	GlobalSection(SolutionProperties) = preSolution
		HideSolutionNode = FALSE
	EndGlobalSection
	GlobalSection(ExtensibilityGlobals) = postSolution
		SolutionGuid = {2BFCD541-EB0E-4BA9-81CB-7D8FFEE512BC}
	EndGlobalSection
EndGlobal
