
Microsoft Visual Studio Solution File, Format Version 12.00
# Visual Studio Version 17
VisualStudioVersion = 17.10.34902.84
MinimumVisualStudioVersion = 10.0.40219.1
Project("{FAE04EC0-301F-11D3-BF4B-00C04F79EFBC}") = "Learner", "Learner\Learner.csproj", "{FD3EC763-C0F2-4F76-B1E6-02BDCE37D37F}"
EndProject
Global
	GlobalSection(SolutionConfigurationPlatforms) = preSolution
		Debug|Any CPU = Debug|Any CPU
		Release|Any CPU = Release|Any CPU
	EndGlobalSection
	GlobalSection(ProjectConfigurationPlatforms) = postSolution
		{FD3EC763-C0F2-4F76-B1E6-02BDCE37D37F}.Debug|Any CPU.ActiveCfg = Debug|Any CPU
		{FD3EC763-C0F2-4F76-B1E6-02BDCE37D37F}.Debug|Any CPU.Build.0 = Debug|Any CPU
		{FD3EC763-C0F2-4F76-B1E6-02BDCE37D37F}.Release|Any CPU.ActiveCfg = Release|Any CPU
		{FD3EC763-C0F2-4F76-B1E6-02BDCE37D37F}.Release|Any CPU.Build.0 = Release|Any CPU
	EndGlobalSection
	GlobalSection(SolutionProperties) = preSolution
		HideSolutionNode = FALSE
	EndGlobalSection
	GlobalSection(ExtensibilityGlobals) = postSolution
		SolutionGuid = {4EEA7747-8E00-4332-8333-79789BF7EBD2}
	EndGlobalSection
EndGlobal
