
Microsoft Visual Studio Solution File, Format Version 12.00
# Visual Studio Version 17
VisualStudioVersion = 17.10.34916.146
MinimumVisualStudioVersion = 10.0.40219.1
Project("{FAE04EC0-301F-11D3-BF4B-00C04F79EFBC}") = "MulitLevelInheritance", "MulitLevelInheritance\MulitLevelInheritance.csproj", "{C717C9FC-0A7C-4C8B-A710-256BFE6DA465}"
EndProject
Global
	GlobalSection(SolutionConfigurationPlatforms) = preSolution
		Debug|Any CPU = Debug|Any CPU
		Release|Any CPU = Release|Any CPU
	EndGlobalSection
	GlobalSection(ProjectConfigurationPlatforms) = postSolution
		{C717C9FC-0A7C-4C8B-A710-256BFE6DA465}.Debug|Any CPU.ActiveCfg = Debug|Any CPU
		{C717C9FC-0A7C-4C8B-A710-256BFE6DA465}.Debug|Any CPU.Build.0 = Debug|Any CPU
		{C717C9FC-0A7C-4C8B-A710-256BFE6DA465}.Release|Any CPU.ActiveCfg = Release|Any CPU
		{C717C9FC-0A7C-4C8B-A710-256BFE6DA465}.Release|Any CPU.Build.0 = Release|Any CPU
	EndGlobalSection
	GlobalSection(SolutionProperties) = preSolution
		HideSolutionNode = FALSE
	EndGlobalSection
	GlobalSection(ExtensibilityGlobals) = postSolution
		SolutionGuid = {28F776C7-1935-4605-B306-1675EC28D414}
	EndGlobalSection
EndGlobal
